<?xml version="1.0" encoding="utf-8"?>
<Project ToolsVersion="4.0" xmlns="http://schemas.microsoft.com/developer/msbuild/2003">
  <ItemGroup>
    <Filter Include="Source Files">
      <UniqueIdentifier>{4FC737F1-C7A5-4376-A066-2A32D752A2FF}</UniqueIdentifier>
      <Extensions>cpp;c;cc;cxx;def;odl;idl;hpj;bat;asm;asmx</Extensions>
    </Filter>
    <Filter Include="Header Files">
      <UniqueIdentifier>{93995380-89BD-4b04-88EB-625FBE52EBFB}</UniqueIdentifier>
      <Extensions>h;hh;hpp;hxx;hm;inl;inc;ipp;xsd</Extensions>
    </Filter>
    <Filter Include="Resource Files">
      <UniqueIdentifier>{67DA6AB6-F800-4c08-8B7A-83BB121AAD01}</UniqueIdentifier>
      <Extensions>rc;ico;cur;bmp;dlg;rc2;rct;bin;rgs;gif;jpg;jpeg;jpe;resx;tiff;tif;png;wav;mfcribbon-ms</Extensions>
    </Filter>
  </ItemGroup>
  <ItemGroup>
    <ClInclude Include="DeviceState.hpp">
      <Filter>Header Files</Filter>
    </ClInclude>
    <ClInclude Include="Documentation.hpp">
      <Filter>Header Files</Filter>
    </ClInclude>
    <ClInclude Include="DriverCapabilities.CommonTypes_2016.hpp">
      <Filter>Header Files</Filter>
    </ClInclude>
    <ClInclude Include="DriverCapabilities.CommonTypes_2018.hpp">
      <Filter>Header Files</Filter>
    </ClInclude>
    <ClInclude Include="DriverCapabilities_2016.hpp">
      <Filter>Header Files</Filter>
    </ClInclude>
    <ClInclude Include="DriverCapabilities_2018.hpp">
      <Filter>Header Files</Filter>
    </ClInclude>
    <ClInclude Include="DriverCapabilitiesSerialization_2016.hpp">
      <Filter>Header Files</Filter>
    </ClInclude>
    <ClInclude Include="DriverCapabilitiesSerialization_2018.hpp">
      <Filter>Header Files</Filter>
    </ClInclude>
    <ClInclude Include="DriverDefinition.hpp">
      <Filter>Header Files</Filter>
    </ClInclude>
    <ClInclude Include="DriverMeters.hpp">
      <Filter>Header Files</Filter>
    </ClInclude>
    <ClInclude Include="DriverPrivateCapabilities_2016.hpp">
      <Filter>Header Files</Filter>
    </ClInclude>
    <ClInclude Include="DriverPrivateCapabilities_2018.hpp">
      <Filter>Header Files</Filter>
    </ClInclude>
    <ClInclude Include="ExternalProperties.hpp">
      <Filter>Header Files</Filter>
    </ClInclude>
    <ClInclude Include="Licensing.hpp">
      <Filter>Header Files</Filter>
    </ClInclude>
    <ClInclude Include="Log.hpp">
      <Filter>Header Files</Filter>
    </ClInclude>
    <ClInclude Include="Machine.hpp">
      <Filter>Header Files</Filter>
    </ClInclude>
    <ClInclude Include="Meters.hpp">
      <Filter>Header Files</Filter>
    </ClInclude>
    <ClInclude Include="MtlsBuildTicket_2016.hpp">
      <Filter>Header Files</Filter>
    </ClInclude>
    <ClInclude Include="MtlsBuildTicket_2017.hpp">
      <Filter>Header Files</Filter>
    </ClInclude>
    <ClInclude Include="OperationReport.hpp">
      <Filter>Header Files</Filter>
    </ClInclude>
    <ClInclude Include="PlatformCreationParameters.hpp">
      <Filter>Header Files</Filter>
    </ClInclude>
    <ClInclude Include="PlatformInformation.hpp">
      <Filter>Header Files</Filter>
    </ClInclude>
    <ClInclude Include="PreprocessorCapabilities.hpp">
      <Filter>Header Files</Filter>
    </ClInclude>
    <ClInclude Include="PreprocessorInput.hpp">
      <Filter>Header Files</Filter>
    </ClInclude>
    <ClInclude Include="Print3D.hpp">
      <Filter>Header Files</Filter>
    </ClInclude>
    <ClInclude Include="PrintInformation.hpp">
      <Filter>Header Files</Filter>
    </ClInclude>
    <ClInclude Include="ProductConfig.hpp">
      <Filter>Header Files</Filter>
    </ClInclude>
    <ClInclude Include="Serializers.hpp">
      <Filter>Header Files</Filter>
    </ClInclude>
    <ClInclude Include="Tags.hpp">
      <Filter>Header Files</Filter>
    </ClInclude>
  </ItemGroup>
  <ItemGroup>
    <ClCompile Include="main.cpp">
      <Filter>Source Files</Filter>
    </ClCompile>
  </ItemGroup>
  <ItemGroup>
    <None Include="packages.config" />
  </ItemGroup>
</Project>